// !$*UTF8*$!
{
	archiveVersion = 1;
	classes = {
	};
	objectVersion = 46;
	objects = {

/* Begin PBXBuildFile section */
		1C488150981E7936C0546361 /* Pods_Escapade.framework in Frameworks */ = {isa = PBXBuildFile; fileRef = 980A886F552C64AF5F40BD3D /* Pods_Escapade.framework */; settings = {ATTRIBUTES = (Weak, ); }; };
		1F570EA61BAE75F000A36E60 /* AirplaneMotionEngine.swift in Sources */ = {isa = PBXBuildFile; fileRef = 1F570EA51BAE75F000A36E60 /* AirplaneMotionEngine.swift */; settings = {ASSET_TAGS = (); }; };
		CE33229E1BADDC20005EBC09 /* AppDelegate.swift in Sources */ = {isa = PBXBuildFile; fileRef = CE33229D1BADDC20005EBC09 /* AppDelegate.swift */; };
		CE3322A01BADDC20005EBC09 /* ViewController.swift in Sources */ = {isa = PBXBuildFile; fileRef = CE33229F1BADDC20005EBC09 /* ViewController.swift */; };
		CE3322A31BADDC20005EBC09 /* Main.storyboard in Resources */ = {isa = PBXBuildFile; fileRef = CE3322A11BADDC20005EBC09 /* Main.storyboard */; };
		CE3322A51BADDC20005EBC09 /* Assets.xcassets in Resources */ = {isa = PBXBuildFile; fileRef = CE3322A41BADDC20005EBC09 /* Assets.xcassets */; };
		CE3322A81BADDC20005EBC09 /* LaunchScreen.storyboard in Resources */ = {isa = PBXBuildFile; fileRef = CE3322A61BADDC20005EBC09 /* LaunchScreen.storyboard */; };
		CE3322B31BADDC20005EBC09 /* EscapadeTests.swift in Sources */ = {isa = PBXBuildFile; fileRef = CE3322B21BADDC20005EBC09 /* EscapadeTests.swift */; };
		CE3322BE1BADDC20005EBC09 /* EscapadeUITests.swift in Sources */ = {isa = PBXBuildFile; fileRef = CE3322BD1BADDC20005EBC09 /* EscapadeUITests.swift */; };
		CE8117D21BAE14870045416C /* PlanTripTableViewController.swift in Sources */ = {isa = PBXBuildFile; fileRef = CE8117D11BAE14870045416C /* PlanTripTableViewController.swift */; settings = {ASSET_TAGS = (); }; };
		CEA63E651BAE258A004297A1 /* AirportSearchTableViewController.swift in Sources */ = {isa = PBXBuildFile; fileRef = CEA63E641BAE258A004297A1 /* AirportSearchTableViewController.swift */; settings = {ASSET_TAGS = (); }; };
		CEB6B32A1BADF51E008D4877 /* ItineraryTableViewCell.swift in Sources */ = {isa = PBXBuildFile; fileRef = CEB6B3281BADF51E008D4877 /* ItineraryTableViewCell.swift */; settings = {ASSET_TAGS = (); }; };
		CEB6B32B1BADF51E008D4877 /* ItineraryTableViewCell.xib in Resources */ = {isa = PBXBuildFile; fileRef = CEB6B3291BADF51E008D4877 /* ItineraryTableViewCell.xib */; settings = {ASSET_TAGS = (); }; };
/* End PBXBuildFile section */

/* Begin PBXContainerItemProxy section */
		CE3322AF1BADDC20005EBC09 /* PBXContainerItemProxy */ = {
			isa = PBXContainerItemProxy;
			containerPortal = CE3322921BADDC20005EBC09 /* Project object */;
			proxyType = 1;
			remoteGlobalIDString = CE3322991BADDC20005EBC09;
			remoteInfo = Escapade;
		};
		CE3322BA1BADDC20005EBC09 /* PBXContainerItemProxy */ = {
			isa = PBXContainerItemProxy;
			containerPortal = CE3322921BADDC20005EBC09 /* Project object */;
			proxyType = 1;
			remoteGlobalIDString = CE3322991BADDC20005EBC09;
			remoteInfo = Escapade;
		};
/* End PBXContainerItemProxy section */

/* Begin PBXFileReference section */
		1F570EA51BAE75F000A36E60 /* AirplaneMotionEngine.swift */ = {isa = PBXFileReference; fileEncoding = 4; lastKnownFileType = sourcecode.swift; path = AirplaneMotionEngine.swift; sourceTree = "<group>"; };
		8C48C510FE5B1C64DA3C6D2E /* Pods-Escapade.release.xcconfig */ = {isa = PBXFileReference; includeInIndex = 1; lastKnownFileType = text.xcconfig; name = "Pods-Escapade.release.xcconfig"; path = "Pods/Target Support Files/Pods-Escapade/Pods-Escapade.release.xcconfig"; sourceTree = "<group>"; };
		980A886F552C64AF5F40BD3D /* Pods_Escapade.framework */ = {isa = PBXFileReference; explicitFileType = wrapper.framework; includeInIndex = 0; path = Pods_Escapade.framework; sourceTree = BUILT_PRODUCTS_DIR; };
		B724219F76423E5C48830EA5 /* Pods-Escapade.debug.xcconfig */ = {isa = PBXFileReference; includeInIndex = 1; lastKnownFileType = text.xcconfig; name = "Pods-Escapade.debug.xcconfig"; path = "Pods/Target Support Files/Pods-Escapade/Pods-Escapade.debug.xcconfig"; sourceTree = "<group>"; };
		CE33229A1BADDC20005EBC09 /* Escapade.app */ = {isa = PBXFileReference; explicitFileType = wrapper.application; includeInIndex = 0; path = Escapade.app; sourceTree = BUILT_PRODUCTS_DIR; };
		CE33229D1BADDC20005EBC09 /* AppDelegate.swift */ = {isa = PBXFileReference; lastKnownFileType = sourcecode.swift; path = AppDelegate.swift; sourceTree = "<group>"; };
		CE33229F1BADDC20005EBC09 /* ViewController.swift */ = {isa = PBXFileReference; lastKnownFileType = sourcecode.swift; path = ViewController.swift; sourceTree = "<group>"; };
		CE3322A21BADDC20005EBC09 /* Base */ = {isa = PBXFileReference; lastKnownFileType = file.storyboard; name = Base; path = Base.lproj/Main.storyboard; sourceTree = "<group>"; };
		CE3322A41BADDC20005EBC09 /* Assets.xcassets */ = {isa = PBXFileReference; lastKnownFileType = folder.assetcatalog; path = Assets.xcassets; sourceTree = "<group>"; };
		CE3322A71BADDC20005EBC09 /* Base */ = {isa = PBXFileReference; lastKnownFileType = file.storyboard; name = Base; path = Base.lproj/LaunchScreen.storyboard; sourceTree = "<group>"; };
		CE3322A91BADDC20005EBC09 /* Info.plist */ = {isa = PBXFileReference; lastKnownFileType = text.plist.xml; path = Info.plist; sourceTree = "<group>"; };
		CE3322AE1BADDC20005EBC09 /* EscapadeTests.xctest */ = {isa = PBXFileReference; explicitFileType = wrapper.cfbundle; includeInIndex = 0; path = EscapadeTests.xctest; sourceTree = BUILT_PRODUCTS_DIR; };
		CE3322B21BADDC20005EBC09 /* EscapadeTests.swift */ = {isa = PBXFileReference; lastKnownFileType = sourcecode.swift; path = EscapadeTests.swift; sourceTree = "<group>"; };
		CE3322B41BADDC20005EBC09 /* Info.plist */ = {isa = PBXFileReference; lastKnownFileType = text.plist.xml; path = Info.plist; sourceTree = "<group>"; };
		CE3322B91BADDC20005EBC09 /* EscapadeUITests.xctest */ = {isa = PBXFileReference; explicitFileType = wrapper.cfbundle; includeInIndex = 0; path = EscapadeUITests.xctest; sourceTree = BUILT_PRODUCTS_DIR; };
		CE3322BD1BADDC20005EBC09 /* EscapadeUITests.swift */ = {isa = PBXFileReference; lastKnownFileType = sourcecode.swift; path = EscapadeUITests.swift; sourceTree = "<group>"; };
		CE3322BF1BADDC20005EBC09 /* Info.plist */ = {isa = PBXFileReference; lastKnownFileType = text.plist.xml; path = Info.plist; sourceTree = "<group>"; };
		CE8117D11BAE14870045416C /* PlanTripTableViewController.swift */ = {isa = PBXFileReference; fileEncoding = 4; lastKnownFileType = sourcecode.swift; path = PlanTripTableViewController.swift; sourceTree = "<group>"; };
		CEA63E641BAE258A004297A1 /* AirportSearchTableViewController.swift */ = {isa = PBXFileReference; fileEncoding = 4; lastKnownFileType = sourcecode.swift; path = AirportSearchTableViewController.swift; sourceTree = "<group>"; };
		CEB6B3281BADF51E008D4877 /* ItineraryTableViewCell.swift */ = {isa = PBXFileReference; fileEncoding = 4; lastKnownFileType = sourcecode.swift; path = ItineraryTableViewCell.swift; sourceTree = "<group>"; };
		CEB6B3291BADF51E008D4877 /* ItineraryTableViewCell.xib */ = {isa = PBXFileReference; fileEncoding = 4; lastKnownFileType = file.xib; path = ItineraryTableViewCell.xib; sourceTree = "<group>"; };
/* End PBXFileReference section */

/* Begin PBXFrameworksBuildPhase section */
		CE3322971BADDC20005EBC09 /* Frameworks */ = {
			isa = PBXFrameworksBuildPhase;
			buildActionMask = 2147483647;
			files = (
				1C488150981E7936C0546361 /* Pods_Escapade.framework in Frameworks */,
			);
			runOnlyForDeploymentPostprocessing = 0;
		};
		CE3322AB1BADDC20005EBC09 /* Frameworks */ = {
			isa = PBXFrameworksBuildPhase;
			buildActionMask = 2147483647;
			files = (
			);
			runOnlyForDeploymentPostprocessing = 0;
		};
		CE3322B61BADDC20005EBC09 /* Frameworks */ = {
			isa = PBXFrameworksBuildPhase;
			buildActionMask = 2147483647;
			files = (
			);
			runOnlyForDeploymentPostprocessing = 0;
		};
/* End PBXFrameworksBuildPhase section */

/* Begin PBXGroup section */
		121FE08E337992C265813D31 /* Pods */ = {
			isa = PBXGroup;
			children = (
				B724219F76423E5C48830EA5 /* Pods-Escapade.debug.xcconfig */,
				8C48C510FE5B1C64DA3C6D2E /* Pods-Escapade.release.xcconfig */,
			);
			name = Pods;
			sourceTree = "<group>";
		};
		8B338D088F586BF480F40A45 /* Frameworks */ = {
			isa = PBXGroup;
			children = (
				980A886F552C64AF5F40BD3D /* Pods_Escapade.framework */,
			);
			name = Frameworks;
			sourceTree = "<group>";
		};
		CE3322911BADDC20005EBC09 = {
			isa = PBXGroup;
			children = (
				CE33229C1BADDC20005EBC09 /* Escapade */,
				CE3322B11BADDC20005EBC09 /* EscapadeTests */,
				CE3322BC1BADDC20005EBC09 /* EscapadeUITests */,
				CE33229B1BADDC20005EBC09 /* Products */,
				121FE08E337992C265813D31 /* Pods */,
				8B338D088F586BF480F40A45 /* Frameworks */,
			);
			sourceTree = "<group>";
		};
		CE33229B1BADDC20005EBC09 /* Products */ = {
			isa = PBXGroup;
			children = (
				CE33229A1BADDC20005EBC09 /* Escapade.app */,
				CE3322AE1BADDC20005EBC09 /* EscapadeTests.xctest */,
				CE3322B91BADDC20005EBC09 /* EscapadeUITests.xctest */,
			);
			name = Products;
			sourceTree = "<group>";
		};
		CE33229C1BADDC20005EBC09 /* Escapade */ = {
			isa = PBXGroup;
			children = (
				CE33229D1BADDC20005EBC09 /* AppDelegate.swift */,
				CE33229F1BADDC20005EBC09 /* ViewController.swift */,
				CE3322A11BADDC20005EBC09 /* Main.storyboard */,
				CE8117D11BAE14870045416C /* PlanTripTableViewController.swift */,
				CEA63E641BAE258A004297A1 /* AirportSearchTableViewController.swift */,
				1F570EA51BAE75F000A36E60 /* AirplaneMotionEngine.swift */,
				CEB6B3281BADF51E008D4877 /* ItineraryTableViewCell.swift */,
				CEB6B3291BADF51E008D4877 /* ItineraryTableViewCell.xib */,
				CE3322A41BADDC20005EBC09 /* Assets.xcassets */,
				CE3322A61BADDC20005EBC09 /* LaunchScreen.storyboard */,
				CE3322A91BADDC20005EBC09 /* Info.plist */,
			);
			path = Escapade;
			sourceTree = "<group>";
		};
		CE3322B11BADDC20005EBC09 /* EscapadeTests */ = {
			isa = PBXGroup;
			children = (
				CE3322B21BADDC20005EBC09 /* EscapadeTests.swift */,
				CE3322B41BADDC20005EBC09 /* Info.plist */,
			);
			path = EscapadeTests;
			sourceTree = "<group>";
		};
		CE3322BC1BADDC20005EBC09 /* EscapadeUITests */ = {
			isa = PBXGroup;
			children = (
				CE3322BD1BADDC20005EBC09 /* EscapadeUITests.swift */,
				CE3322BF1BADDC20005EBC09 /* Info.plist */,
			);
			path = EscapadeUITests;
			sourceTree = "<group>";
		};
/* End PBXGroup section */

/* Begin PBXNativeTarget section */
		CE3322991BADDC20005EBC09 /* Escapade */ = {
			isa = PBXNativeTarget;
			buildConfigurationList = CE3322C21BADDC20005EBC09 /* Build configuration list for PBXNativeTarget "Escapade" */;
			buildPhases = (
				5D7CFC6570F3AE2F1B549E71 /* Check Pods Manifest.lock */,
				CE3322961BADDC20005EBC09 /* Sources */,
				CE3322971BADDC20005EBC09 /* Frameworks */,
				CE3322981BADDC20005EBC09 /* Resources */,
				8DBDA7B05F62340B91DCF744 /* Embed Pods Frameworks */,
				ECE479660F17AAB1971CAF38 /* Copy Pods Resources */,
			);
			buildRules = (
			);
			dependencies = (
			);
			name = Escapade;
			productName = Escapade;
			productReference = CE33229A1BADDC20005EBC09 /* Escapade.app */;
			productType = "com.apple.product-type.application";
		};
		CE3322AD1BADDC20005EBC09 /* EscapadeTests */ = {
			isa = PBXNativeTarget;
			buildConfigurationList = CE3322C51BADDC20005EBC09 /* Build configuration list for PBXNativeTarget "EscapadeTests" */;
			buildPhases = (
				CE3322AA1BADDC20005EBC09 /* Sources */,
				CE3322AB1BADDC20005EBC09 /* Frameworks */,
				CE3322AC1BADDC20005EBC09 /* Resources */,
			);
			buildRules = (
			);
			dependencies = (
				CE3322B01BADDC20005EBC09 /* PBXTargetDependency */,
			);
			name = EscapadeTests;
			productName = EscapadeTests;
			productReference = CE3322AE1BADDC20005EBC09 /* EscapadeTests.xctest */;
			productType = "com.apple.product-type.bundle.unit-test";
		};
		CE3322B81BADDC20005EBC09 /* EscapadeUITests */ = {
			isa = PBXNativeTarget;
			buildConfigurationList = CE3322C81BADDC20005EBC09 /* Build configuration list for PBXNativeTarget "EscapadeUITests" */;
			buildPhases = (
				CE3322B51BADDC20005EBC09 /* Sources */,
				CE3322B61BADDC20005EBC09 /* Frameworks */,
				CE3322B71BADDC20005EBC09 /* Resources */,
			);
			buildRules = (
			);
			dependencies = (
				CE3322BB1BADDC20005EBC09 /* PBXTargetDependency */,
			);
			name = EscapadeUITests;
			productName = EscapadeUITests;
			productReference = CE3322B91BADDC20005EBC09 /* EscapadeUITests.xctest */;
			productType = "com.apple.product-type.bundle.ui-testing";
		};
/* End PBXNativeTarget section */

/* Begin PBXProject section */
		CE3322921BADDC20005EBC09 /* Project object */ = {
			isa = PBXProject;
			attributes = {
				LastUpgradeCheck = 0700;
				ORGANIZATIONNAME = "Mosab Elagha";
				TargetAttributes = {
					CE3322991BADDC20005EBC09 = {
						CreatedOnToolsVersion = 7.0;
					};
					CE3322AD1BADDC20005EBC09 = {
						CreatedOnToolsVersion = 7.0;
						TestTargetID = CE3322991BADDC20005EBC09;
					};
					CE3322B81BADDC20005EBC09 = {
						CreatedOnToolsVersion = 7.0;
						TestTargetID = CE3322991BADDC20005EBC09;
					};
				};
			};
			buildConfigurationList = CE3322951BADDC20005EBC09 /* Build configuration list for PBXProject "Escapade" */;
			compatibilityVersion = "Xcode 3.2";
			developmentRegion = English;
			hasScannedForEncodings = 0;
			knownRegions = (
				en,
				Base,
			);
			mainGroup = CE3322911BADDC20005EBC09;
			productRefGroup = CE33229B1BADDC20005EBC09 /* Products */;
			projectDirPath = "";
			projectRoot = "";
			targets = (
				CE3322991BADDC20005EBC09 /* Escapade */,
				CE3322AD1BADDC20005EBC09 /* EscapadeTests */,
				CE3322B81BADDC20005EBC09 /* EscapadeUITests */,
			);
		};
/* End PBXProject section */

/* Begin PBXResourcesBuildPhase section */
		CE3322981BADDC20005EBC09 /* Resources */ = {
			isa = PBXResourcesBuildPhase;
			buildActionMask = 2147483647;
			files = (
				CE3322A81BADDC20005EBC09 /* LaunchScreen.storyboard in Resources */,
				CEB6B32B1BADF51E008D4877 /* ItineraryTableViewCell.xib in Resources */,
				CE3322A51BADDC20005EBC09 /* Assets.xcassets in Resources */,
				CE3322A31BADDC20005EBC09 /* Main.storyboard in Resources */,
			);
			runOnlyForDeploymentPostprocessing = 0;
		};
		CE3322AC1BADDC20005EBC09 /* Resources */ = {
			isa = PBXResourcesBuildPhase;
			buildActionMask = 2147483647;
			files = (
			);
			runOnlyForDeploymentPostprocessing = 0;
		};
		CE3322B71BADDC20005EBC09 /* Resources */ = {
			isa = PBXResourcesBuildPhase;
			buildActionMask = 2147483647;
			files = (
			);
			runOnlyForDeploymentPostprocessing = 0;
		};
/* End PBXResourcesBuildPhase section */

/* Begin PBXShellScriptBuildPhase section */
		5D7CFC6570F3AE2F1B549E71 /* Check Pods Manifest.lock */ = {
			isa = PBXShellScriptBuildPhase;
			buildActionMask = 2147483647;
			files = (
			);
			inputPaths = (
			);
			name = "Check Pods Manifest.lock";
			outputPaths = (
			);
			runOnlyForDeploymentPostprocessing = 0;
			shellPath = /bin/sh;
			shellScript = "diff \"${PODS_ROOT}/../Podfile.lock\" \"${PODS_ROOT}/Manifest.lock\" > /dev/null\nif [[ $? != 0 ]] ; then\n    cat << EOM\nerror: The sandbox is not in sync with the Podfile.lock. Run 'pod install' or update your CocoaPods installation.\nEOM\n    exit 1\nfi\n";
			showEnvVarsInLog = 0;
		};
		8DBDA7B05F62340B91DCF744 /* Embed Pods Frameworks */ = {
			isa = PBXShellScriptBuildPhase;
			buildActionMask = 2147483647;
			files = (
			);
			inputPaths = (
			);
			name = "Embed Pods Frameworks";
			outputPaths = (
			);
			runOnlyForDeploymentPostprocessing = 0;
			shellPath = /bin/sh;
			shellScript = "\"${SRCROOT}/Pods/Target Support Files/Pods-Escapade/Pods-Escapade-frameworks.sh\"\n";
			showEnvVarsInLog = 0;
		};
		ECE479660F17AAB1971CAF38 /* Copy Pods Resources */ = {
			isa = PBXShellScriptBuildPhase;
			buildActionMask = 2147483647;
			files = (
			);
			inputPaths = (
			);
			name = "Copy Pods Resources";
			outputPaths = (
			);
			runOnlyForDeploymentPostprocessing = 0;
			shellPath = /bin/sh;
			shellScript = "\"${SRCROOT}/Pods/Target Support Files/Pods-Escapade/Pods-Escapade-resources.sh\"\n";
			showEnvVarsInLog = 0;
		};
/* End PBXShellScriptBuildPhase section */

/* Begin PBXSourcesBuildPhase section */
		CE3322961BADDC20005EBC09 /* Sources */ = {
			isa = PBXSourcesBuildPhase;
			buildActionMask = 2147483647;
			files = (
				CEB6B32A1BADF51E008D4877 /* ItineraryTableViewCell.swift in Sources */,
				1F570EA61BAE75F000A36E60 /* AirplaneMotionEngine.swift in Sources */,
				CEA63E651BAE258A004297A1 /* AirportSearchTableViewController.swift in Sources */,
				CE3322A01BADDC20005EBC09 /* ViewController.swift in Sources */,
				CE33229E1BADDC20005EBC09 /* AppDelegate.swift in Sources */,
				CE8117D21BAE14870045416C /* PlanTripTableViewController.swift in Sources */,
			);
			runOnlyForDeploymentPostprocessing = 0;
		};
		CE3322AA1BADDC20005EBC09 /* Sources */ = {
			isa = PBXSourcesBuildPhase;
			buildActionMask = 2147483647;
			files = (
				CE3322B31BADDC20005EBC09 /* EscapadeTests.swift in Sources */,
			);
			runOnlyForDeploymentPostprocessing = 0;
		};
		CE3322B51BADDC20005EBC09 /* Sources */ = {
			isa = PBXSourcesBuildPhase;
			buildActionMask = 2147483647;
			files = (
				CE3322BE1BADDC20005EBC09 /* EscapadeUITests.swift in Sources */,
			);
			runOnlyForDeploymentPostprocessing = 0;
		};
/* End PBXSourcesBuildPhase section */

/* Begin PBXTargetDependency section */
		CE3322B01BADDC20005EBC09 /* PBXTargetDependency */ = {
			isa = PBXTargetDependency;
			target = CE3322991BADDC20005EBC09 /* Escapade */;
			targetProxy = CE3322AF1BADDC20005EBC09 /* PBXContainerItemProxy */;
		};
		CE3322BB1BADDC20005EBC09 /* PBXTargetDependency */ = {
			isa = PBXTargetDependency;
			target = CE3322991BADDC20005EBC09 /* Escapade */;
			targetProxy = CE3322BA1BADDC20005EBC09 /* PBXContainerItemProxy */;
		};
/* End PBXTargetDependency section */

/* Begin PBXVariantGroup section */
		CE3322A11BADDC20005EBC09 /* Main.storyboard */ = {
			isa = PBXVariantGroup;
			children = (
				CE3322A21BADDC20005EBC09 /* Base */,
			);
			name = Main.storyboard;
			sourceTree = "<group>";
		};
		CE3322A61BADDC20005EBC09 /* LaunchScreen.storyboard */ = {
			isa = PBXVariantGroup;
			children = (
				CE3322A71BADDC20005EBC09 /* Base */,
			);
			name = LaunchScreen.storyboard;
			sourceTree = "<group>";
		};
/* End PBXVariantGroup section */

/* Begin XCBuildConfiguration section */
		CE3322C01BADDC20005EBC09 /* Debug */ = {
			isa = XCBuildConfiguration;
			buildSettings = {
				ALWAYS_SEARCH_USER_PATHS = NO;
				CLANG_CXX_LANGUAGE_STANDARD = "gnu++0x";
				CLANG_CXX_LIBRARY = "libc++";
				CLANG_ENABLE_MODULES = YES;
				CLANG_ENABLE_OBJC_ARC = YES;
				CLANG_WARN_BOOL_CONVERSION = YES;
				CLANG_WARN_CONSTANT_CONVERSION = YES;
				CLANG_WARN_DIRECT_OBJC_ISA_USAGE = YES_ERROR;
				CLANG_WARN_EMPTY_BODY = YES;
				CLANG_WARN_ENUM_CONVERSION = YES;
				CLANG_WARN_INT_CONVERSION = YES;
				CLANG_WARN_OBJC_ROOT_CLASS = YES_ERROR;
				CLANG_WARN_UNREACHABLE_CODE = YES;
				CLANG_WARN__DUPLICATE_METHOD_MATCH = YES;
				"CODE_SIGN_IDENTITY[sdk=iphoneos*]" = "iPhone Developer";
				COPY_PHASE_STRIP = NO;
				DEBUG_INFORMATION_FORMAT = dwarf;
				ENABLE_STRICT_OBJC_MSGSEND = YES;
				ENABLE_TESTABILITY = YES;
				GCC_C_LANGUAGE_STANDARD = gnu99;
				GCC_DYNAMIC_NO_PIC = NO;
				GCC_NO_COMMON_BLOCKS = YES;
				GCC_OPTIMIZATION_LEVEL = 0;
				GCC_PREPROCESSOR_DEFINITIONS = (
					"DEBUG=1",
					"$(inherited)",
				);
				GCC_WARN_64_TO_32_BIT_CONVERSION = YES;
				GCC_WARN_ABOUT_RETURN_TYPE = YES_ERROR;
				GCC_WARN_UNDECLARED_SELECTOR = YES;
				GCC_WARN_UNINITIALIZED_AUTOS = YES_AGGRESSIVE;
				GCC_WARN_UNUSED_FUNCTION = YES;
				GCC_WARN_UNUSED_VARIABLE = YES;
				IPHONEOS_DEPLOYMENT_TARGET = 9.0;
				MTL_ENABLE_DEBUG_INFO = YES;
				ONLY_ACTIVE_ARCH = YES;
				SDKROOT = iphoneos;
				SWIFT_OPTIMIZATION_LEVEL = "-Onone";
			};
			name = Debug;
		};
		CE3322C11BADDC20005EBC09 /* Release */ = {
			isa = XCBuildConfiguration;
			buildSettings = {
				ALWAYS_SEARCH_USER_PATHS = NO;
				CLANG_CXX_LANGUAGE_STANDARD = "gnu++0x";
				CLANG_CXX_LIBRARY = "libc++";
				CLANG_ENABLE_MODULES = YES;
				CLANG_ENABLE_OBJC_ARC = YES;
				CLANG_WARN_BOOL_CONVERSION = YES;
				CLANG_WARN_CONSTANT_CONVERSION = YES;
				CLANG_WARN_DIRECT_OBJC_ISA_USAGE = YES_ERROR;
				CLANG_WARN_EMPTY_BODY = YES;
				CLANG_WARN_ENUM_CONVERSION = YES;
				CLANG_WARN_INT_CONVERSION = YES;
				CLANG_WARN_OBJC_ROOT_CLASS = YES_ERROR;
				CLANG_WARN_UNREACHABLE_CODE = YES;
				CLANG_WARN__DUPLICATE_METHOD_MATCH = YES;
				"CODE_SIGN_IDENTITY[sdk=iphoneos*]" = "iPhone Developer";
				COPY_PHASE_STRIP = NO;
				DEBUG_INFORMATION_FORMAT = "dwarf-with-dsym";
				ENABLE_NS_ASSERTIONS = NO;
				ENABLE_STRICT_OBJC_MSGSEND = YES;
				GCC_C_LANGUAGE_STANDARD = gnu99;
				GCC_NO_COMMON_BLOCKS = YES;
				GCC_WARN_64_TO_32_BIT_CONVERSION = YES;
				GCC_WARN_ABOUT_RETURN_TYPE = YES_ERROR;
				GCC_WARN_UNDECLARED_SELECTOR = YES;
				GCC_WARN_UNINITIALIZED_AUTOS = YES_AGGRESSIVE;
				GCC_WARN_UNUSED_FUNCTION = YES;
				GCC_WARN_UNUSED_VARIABLE = YES;
				IPHONEOS_DEPLOYMENT_TARGET = 9.0;
				MTL_ENABLE_DEBUG_INFO = NO;
				SDKROOT = iphoneos;
				VALIDATE_PRODUCT = YES;
			};
			name = Release;
		};
		CE3322C31BADDC20005EBC09 /* Debug */ = {
			isa = XCBuildConfiguration;
			baseConfigurationReference = B724219F76423E5C48830EA5 /* Pods-Escapade.debug.xcconfig */;
			buildSettings = {
				ASSETCATALOG_COMPILER_APPICON_NAME = AppIcon;
				INFOPLIST_FILE = Escapade/Info.plist;
				LD_RUNPATH_SEARCH_PATHS = "$(inherited) @executable_path/Frameworks";
				PRODUCT_BUNDLE_IDENTIFIER = edu.elagha.mosab.Escapade;
				PRODUCT_NAME = "$(TARGET_NAME)";
			};
			name = Debug;
		};
		CE3322C41BADDC20005EBC09 /* Release */ = {
			isa = XCBuildConfiguration;
			baseConfigurationReference = 8C48C510FE5B1C64DA3C6D2E /* Pods-Escapade.release.xcconfig */;
			buildSettings = {
				ASSETCATALOG_COMPILER_APPICON_NAME = AppIcon;
				INFOPLIST_FILE = Escapade/Info.plist;
				LD_RUNPATH_SEARCH_PATHS = "$(inherited) @executable_path/Frameworks";
				PRODUCT_BUNDLE_IDENTIFIER = edu.elagha.mosab.Escapade;
				PRODUCT_NAME = "$(TARGET_NAME)";
			};
			name = Release;
		};
		CE3322C61BADDC20005EBC09 /* Debug */ = {
			isa = XCBuildConfiguration;
			buildSettings = {
				BUNDLE_LOADER = "$(TEST_HOST)";
				INFOPLIST_FILE = EscapadeTests/Info.plist;
				LD_RUNPATH_SEARCH_PATHS = "$(inherited) @executable_path/Frameworks @loader_path/Frameworks";
				PRODUCT_BUNDLE_IDENTIFIER = edu.elagha.mosab.EscapadeTests;
				PRODUCT_NAME = "$(TARGET_NAME)";
				TEST_HOST = "$(BUILT_PRODUCTS_DIR)/Escapade.app/Escapade";
			};
			name = Debug;
		};
		CE3322C71BADDC20005EBC09 /* Release */ = {
			isa = XCBuildConfiguration;
			buildSettings = {
				BUNDLE_LOADER = "$(TEST_HOST)";
				INFOPLIST_FILE = EscapadeTests/Info.plist;
				LD_RUNPATH_SEARCH_PATHS = "$(inherited) @executable_path/Frameworks @loader_path/Frameworks";
				PRODUCT_BUNDLE_IDENTIFIER = edu.elagha.mosab.EscapadeTests;
				PRODUCT_NAME = "$(TARGET_NAME)";
				TEST_HOST = "$(BUILT_PRODUCTS_DIR)/Escapade.app/Escapade";
			};
			name = Release;
		};
		CE3322C91BADDC20005EBC09 /* Debug */ = {
			isa = XCBuildConfiguration;
			buildSettings = {
				INFOPLIST_FILE = EscapadeUITests/Info.plist;
				LD_RUNPATH_SEARCH_PATHS = "$(inherited) @executable_path/Frameworks @loader_path/Frameworks";
				PRODUCT_BUNDLE_IDENTIFIER = edu.elagha.mosab.EscapadeUITests;
				PRODUCT_NAME = "$(TARGET_NAME)";
				TEST_TARGET_NAME = Escapade;
				USES_XCTRUNNER = YES;
			};
			name = Debug;
		};
		CE3322CA1BADDC20005EBC09 /* Release */ = {
			isa = XCBuildConfiguration;
			buildSettings = {
				INFOPLIST_FILE = EscapadeUITests/Info.plist;
				LD_RUNPATH_SEARCH_PATHS = "$(inherited) @executable_path/Frameworks @loader_path/Frameworks";
				PRODUCT_BUNDLE_IDENTIFIER = edu.elagha.mosab.EscapadeUITests;
				PRODUCT_NAME = "$(TARGET_NAME)";
				TEST_TARGET_NAME = Escapade;
				USES_XCTRUNNER = YES;
			};
			name = Release;
		};
/* End XCBuildConfiguration section */

/* Begin XCConfigurationList section */
		CE3322951BADDC20005EBC09 /* Build configuration list for PBXProject "Escapade" */ = {
			isa = XCConfigurationList;
			buildConfigurations = (
				CE3322C01BADDC20005EBC09 /* Debug */,
				CE3322C11BADDC20005EBC09 /* Release */,
			);
			defaultConfigurationIsVisible = 0;
			defaultConfigurationName = Release;
		};
		CE3322C21BADDC20005EBC09 /* Build configuration list for PBXNativeTarget "Escapade" */ = {
			isa = XCConfigurationList;
			buildConfigurations = (
				CE3322C31BADDC20005EBC09 /* Debug */,
				CE3322C41BADDC20005EBC09 /* Release */,
			);
			defaultConfigurationIsVisible = 0;
			defaultConfigurationName = Release;
		};
		CE3322C51BADDC20005EBC09 /* Build configuration list for PBXNativeTarget "EscapadeTests" */ = {
			isa = XCConfigurationList;
			buildConfigurations = (
				CE3322C61BADDC20005EBC09 /* Debug */,
				CE3322C71BADDC20005EBC09 /* Release */,
			);
			defaultConfigurationIsVisible = 0;
			defaultConfigurationName = Release;
		};
		CE3322C81BADDC20005EBC09 /* Build configuration list for PBXNativeTarget "EscapadeUITests" */ = {
			isa = XCConfigurationList;
			buildConfigurations = (
				CE3322C91BADDC20005EBC09 /* Debug */,
				CE3322CA1BADDC20005EBC09 /* Release */,
			);
			defaultConfigurationIsVisible = 0;
			defaultConfigurationName = Release;
		};
/* End XCConfigurationList section */
	};
	rootObject = CE3322921BADDC20005EBC09 /* Project object */;
}
